// !$*UTF8*$!
{
	archiveVersion = 1;
	classes = {
	};
	objectVersion = 77;
	objects = {

/* Begin PBXBuildFile section */
		1C6A30D1F21A8C5DBFF360B6 /* GleanFeed in Frameworks */ = {isa = PBXBuildFile; productRef = 33C5EF1FEA5E247249C571B8 /* GleanFeed */; };
		7940480A6CAD4AEBECA2C2B5 /* ContentView.swift in Sources */ = {isa = PBXBuildFile; fileRef = 3BBADE6CEF70BCA6936AC8E3 /* ContentView.swift */; };
		7A3D5AC509B7E17B45691F17 /* GleanFeedSampleApp.swift in Sources */ = {isa = PBXBuildFile; fileRef = 1B885FC46619182D29A1B2A6 /* GleanFeedSampleApp.swift */; };
		D7C018663FFDC7A546EB8E4A /* SampleConfig.swift in Sources */ = {isa = PBXBuildFile; fileRef = 44BF9F8EA22F56F0B4F4DF8A /* SampleConfig.swift */; };
/* End PBXBuildFile section */

/* Begin PBXFileReference section */
		1B885FC46619182D29A1B2A6 /* GleanFeedSampleApp.swift */ = {isa = PBXFileReference; lastKnownFileType = sourcecode.swift; path = GleanFeedSampleApp.swift; sourceTree = "<group>"; };
		3BBADE6CEF70BCA6936AC8E3 /* ContentView.swift */ = {isa = PBXFileReference; lastKnownFileType = sourcecode.swift; path = ContentView.swift; sourceTree = "<group>"; };
		44BF9F8EA22F56F0B4F4DF8A /* SampleConfig.swift */ = {isa = PBXFileReference; lastKnownFileType = sourcecode.swift; path = SampleConfig.swift; sourceTree = "<group>"; };
		B1FA9891F1A16973027071EC /* GleanFeedSample.app */ = {isa = PBXFileReference; includeInIndex = 0; lastKnownFileType = wrapper.application; path = GleanFeedSample.app; sourceTree = BUILT_PRODUCTS_DIR; };
		E4124A2971D11A9DAF820076 /* glean-feed-ios-sdk */ = {isa = PBXFileReference; lastKnownFileType = folder; name = "glean-feed-ios-sdk"; path = ..; sourceTree = SOURCE_ROOT; };
/* End PBXFileReference section */

/* Begin PBXFrameworksBuildPhase section */
		E35DC9BE768555C939EB69E2 /* Frameworks */ = {
			isa = PBXFrameworksBuildPhase;
			buildActionMask = 2147483647;
			files = (
				1C6A30D1F21A8C5DBFF360B6 /* GleanFeed in Frameworks */,
			);
			runOnlyForDeploymentPostprocessing = 0;
		};
/* End PBXFrameworksBuildPhase section */

/* Begin PBXGroup section */
		119ABA5B03C94D816C9B20C2 /* Packages */ = {
			isa = PBXGroup;
			children = (
				E4124A2971D11A9DAF820076 /* glean-feed-ios-sdk */,
			);
			name = Packages;
			sourceTree = "<group>";
		};
		51B99E1A527BAD941DB4054C /* GleanFeedSample */ = {
			isa = PBXGroup;
			children = (
				3BBADE6CEF70BCA6936AC8E3 /* ContentView.swift */,
				1B885FC46619182D29A1B2A6 /* GleanFeedSampleApp.swift */,
				44BF9F8EA22F56F0B4F4DF8A /* SampleConfig.swift */,
			);
			path = GleanFeedSample;
			sourceTree = "<group>";
		};
		8FDD052925A79D776663331D /* Sources */ = {
			isa = PBXGroup;
			children = (
				51B99E1A527BAD941DB4054C /* GleanFeedSample */,
			);
			path = Sources;
			sourceTree = "<group>";
		};
		C3F153CE270E24C52C38922E /* Products */ = {
			isa = PBXGroup;
			children = (
				B1FA9891F1A16973027071EC /* GleanFeedSample.app */,
			);
			name = Products;
			sourceTree = "<group>";
		};
		FF2FB0AB2CD40B1FA3393ACF = {
			isa = PBXGroup;
			children = (
				119ABA5B03C94D816C9B20C2 /* Packages */,
				8FDD052925A79D776663331D /* Sources */,
				C3F153CE270E24C52C38922E /* Products */,
			);
			sourceTree = "<group>";
		};
/* End PBXGroup section */

/* Begin PBXNativeTarget section */
		26587815F61AF5CA1BDCC6EC /* GleanFeedSample */ = {
			isa = PBXNativeTarget;
			buildConfigurationList = 72A26273B39AF6DDB75CB09C /* Build configuration list for PBXNativeTarget "GleanFeedSample" */;
			buildPhases = (
				062B06528A58D2E706564293 /* Sources */,
				E35DC9BE768555C939EB69E2 /* Frameworks */,
			);
			buildRules = (
			);
			dependencies = (
			);
			name = GleanFeedSample;
			packageProductDependencies = (
				33C5EF1FEA5E247249C571B8 /* GleanFeed */,
			);
			productName = GleanFeedSample;
			productReference = B1FA9891F1A16973027071EC /* GleanFeedSample.app */;
			productType = "com.apple.product-type.application";
		};
/* End PBXNativeTarget section */

/* Begin PBXProject section */
		5A3CD86D29399322C12497B7 /* Project object */ = {
			isa = PBXProject;
			attributes = {
				BuildIndependentTargetsInParallel = YES;
				LastUpgradeCheck = 1430;
				TargetAttributes = {
				};
			};
			buildConfigurationList = 47DA50FCBE4B57A4794D52E7 /* Build configuration list for PBXProject "GleanFeedSample" */;
			developmentRegion = en;
			hasScannedForEncodings = 0;
			knownRegions = (
				Base,
				en,
			);
			mainGroup = FF2FB0AB2CD40B1FA3393ACF;
			minimizedProjectReferenceProxies = 1;
			packageReferences = (
				4FA247C55E94B8425ECE5ACC /* XCLocalSwiftPackageReference "..//" */,
			);
			preferredProjectObjectVersion = 77;
			productRefGroup = C3F153CE270E24C52C38922E /* Products */;
			projectDirPath = "";
			projectRoot = "";
			targets = (
				26587815F61AF5CA1BDCC6EC /* GleanFeedSample */,
			);
		};
/* End PBXProject section */

/* Begin PBXSourcesBuildPhase section */
		062B06528A58D2E706564293 /* Sources */ = {
			isa = PBXSourcesBuildPhase;
			buildActionMask = 2147483647;
			files = (
				7940480A6CAD4AEBECA2C2B5 /* ContentView.swift in Sources */,
				7A3D5AC509B7E17B45691F17 /* GleanFeedSampleApp.swift in Sources */,
				D7C018663FFDC7A546EB8E4A /* SampleConfig.swift in Sources */,
			);
			runOnlyForDeploymentPostprocessing = 0;
		};
/* End PBXSourcesBuildPhase section */

/* Begin XCBuildConfiguration section */
		0F0DA07016E010B009DB2D14 /* Release */ = {
			isa = XCBuildConfiguration;
			buildSettings = {
				ASSETCATALOG_COMPILER_APPICON_NAME = AppIcon;
				CODE_SIGNING_ALLOWED = NO;
				CODE_SIGN_IDENTITY = "iPhone Developer";
				CURRENT_PROJECT_VERSION = 1;
				GENERATE_INFOPLIST_FILE = YES;
				INFOPLIST_KEY_UILaunchScreen_Generation = YES;
				LD_RUNPATH_SEARCH_PATHS = (
					"$(inherited)",
					"@executable_path/Frameworks",
				);
				MARKETING_VERSION = 1.0;
				PRODUCT_BUNDLE_IDENTIFIER = com.gleanfeed.sample;
				SDKROOT = iphoneos;
				SWIFT_VERSION = 5.0;
				TARGETED_DEVICE_FAMILY = 1;
			};
			name = Release;
		};
		64704883376179335B3FC2BC /* Debug */ = {
			isa = XCBuildConfiguration;
			buildSettings = {
				ALWAYS_SEARCH_USER_PATHS = NO;
				CLANG_ANALYZER_NONNULL = YES;
				CLANG_ANALYZER_NUMBER_OBJECT_CONVERSION = YES_AGGRESSIVE;
				CLANG_CXX_LANGUAGE_STANDARD = "gnu++14";
				CLANG_CXX_LIBRARY = "libc++";
				CLANG_ENABLE_MODULES = YES;
				CLANG_ENABLE_OBJC_ARC = YES;
				CLANG_ENABLE_OBJC_WEAK = YES;
				CLANG_WARN_BLOCK_CAPTURE_AUTORELEASING = YES;
				CLANG_WARN_BOOL_CONVERSION = YES;
				CLANG_WARN_COMMA = YES;
				CLANG_WARN_CONSTANT_CONVERSION = YES;
				CLANG_WARN_DEPRECATED_OBJC_IMPLEMENTATIONS = YES;
				CLANG_WARN_DIRECT_OBJC_ISA_USAGE = YES_ERROR;
				CLANG_WARN_DOCUMENTATION_COMMENTS = YES;
				CLANG_WARN_EMPTY_BODY = YES;
				CLANG_WARN_ENUM_CONVERSION = YES;
				CLANG_WARN_INFINITE_RECURSION = YES;
				CLANG_WARN_INT_CONVERSION = YES;
				CLANG_WARN_NON_LITERAL_NULL_CONVERSION = YES;
				CLANG_WARN_OBJC_IMPLICIT_RETAIN_SELF = YES;
				CLANG_WARN_OBJC_LITERAL_CONVERSION = YES;
				CLANG_WARN_OBJC_ROOT_CLASS = YES_ERROR;
				CLANG_WARN_QUOTED_INCLUDE_IN_FRAMEWORK_HEADER = YES;
				CLANG_WARN_RANGE_LOOP_ANALYSIS = YES;
				CLANG_WARN_STRICT_PROTOTYPES = YES;
				CLANG_WARN_SUSPICIOUS_MOVE = YES;
				CLANG_WARN_UNGUARDED_AVAILABILITY = YES_AGGRESSIVE;
				CLANG_WARN_UNREACHABLE_CODE = YES;
				CLANG_WARN__DUPLICATE_METHOD_MATCH = YES;
				COPY_PHASE_STRIP = NO;
				DEBUG_INFORMATION_FORMAT = dwarf;
				ENABLE_STRICT_OBJC_MSGSEND = YES;
				ENABLE_TESTABILITY = YES;
				GCC_C_LANGUAGE_STANDARD = gnu11;
				GCC_DYNAMIC_NO_PIC = NO;
				GCC_NO_COMMON_BLOCKS = YES;
				GCC_OPTIMIZATION_LEVEL = 0;
				GCC_PREPROCESSOR_DEFINITIONS = (
					"$(inherited)",
					"DEBUG=1",
				);
				GCC_WARN_64_TO_32_BIT_CONVERSION = YES;
				GCC_WARN_ABOUT_RETURN_TYPE = YES_ERROR;
				GCC_WARN_UNDECLARED_SELECTOR = YES;
				GCC_WARN_UNINITIALIZED_AUTOS = YES_AGGRESSIVE;
				GCC_WARN_UNUSED_FUNCTION = YES;
				GCC_WARN_UNUSED_VARIABLE = YES;
				IPHONEOS_DEPLOYMENT_TARGET = 14.0;
				MTL_ENABLE_DEBUG_INFO = INCLUDE_SOURCE;
				MTL_FAST_MATH = YES;
				ONLY_ACTIVE_ARCH = YES;
				PRODUCT_NAME = "$(TARGET_NAME)";
				SDKROOT = iphoneos;
				SWIFT_ACTIVE_COMPILATION_CONDITIONS = DEBUG;
				SWIFT_OPTIMIZATION_LEVEL = "-Onone";
				SWIFT_VERSION = 5.0;
			};
			name = Debug;
		};
		907A72BC1146EEF766C6DB8C /* Debug */ = {
			isa = XCBuildConfiguration;
			buildSettings = {
				ASSETCATALOG_COMPILER_APPICON_NAME = AppIcon;
				CODE_SIGNING_ALLOWED = NO;
				CODE_SIGN_IDENTITY = "iPhone Developer";
				CURRENT_PROJECT_VERSION = 1;
				GENERATE_INFOPLIST_FILE = YES;
				INFOPLIST_KEY_UILaunchScreen_Generation = YES;
				LD_RUNPATH_SEARCH_PATHS = (
					"$(inherited)",
					"@executable_path/Frameworks",
				);
				MARKETING_VERSION = 1.0;
				PRODUCT_BUNDLE_IDENTIFIER = com.gleanfeed.sample;
				SDKROOT = iphoneos;
				SWIFT_VERSION = 5.0;
				TARGETED_DEVICE_FAMILY = 1;
			};
			name = Debug;
		};
		E9731847A8E3F7C676953D2B /* Release */ = {
			isa = XCBuildConfiguration;
			buildSettings = {
				ALWAYS_SEARCH_USER_PATHS = NO;
				CLANG_ANALYZER_NONNULL = YES;
				CLANG_ANALYZER_NUMBER_OBJECT_CONVERSION = YES_AGGRESSIVE;
				CLANG_CXX_LANGUAGE_STANDARD = "gnu++14";
				CLANG_CXX_LIBRARY = "libc++";
				CLANG_ENABLE_MODULES = YES;
				CLANG_ENABLE_OBJC_ARC = YES;
				CLANG_ENABLE_OBJC_WEAK = YES;
				CLANG_WARN_BLOCK_CAPTURE_AUTORELEASING = YES;
				CLANG_WARN_BOOL_CONVERSION = YES;
				CLANG_WARN_COMMA = YES;
				CLANG_WARN_CONSTANT_CONVERSION = YES;
				CLANG_WARN_DEPRECATED_OBJC_IMPLEMENTATIONS = YES;
				CLANG_WARN_DIRECT_OBJC_ISA_USAGE = YES_ERROR;
				CLANG_WARN_DOCUMENTATION_COMMENTS = YES;
				CLANG_WARN_EMPTY_BODY = YES;
				CLANG_WARN_ENUM_CONVERSION = YES;
				CLANG_WARN_INFINITE_RECURSION = YES;
				CLANG_WARN_INT_CONVERSION = YES;
				CLANG_WARN_NON_LITERAL_NULL_CONVERSION = YES;
				CLANG_WARN_OBJC_IMPLICIT_RETAIN_SELF = YES;
				CLANG_WARN_OBJC_LITERAL_CONVERSION = YES;
				CLANG_WARN_OBJC_ROOT_CLASS = YES_ERROR;
				CLANG_WARN_QUOTED_INCLUDE_IN_FRAMEWORK_HEADER = YES;
				CLANG_WARN_RANGE_LOOP_ANALYSIS = YES;
				CLANG_WARN_STRICT_PROTOTYPES = YES;
				CLANG_WARN_SUSPICIOUS_MOVE = YES;
				CLANG_WARN_UNGUARDED_AVAILABILITY = YES_AGGRESSIVE;
				CLANG_WARN_UNREACHABLE_CODE = YES;
				CLANG_WARN__DUPLICATE_METHOD_MATCH = YES;
				COPY_PHASE_STRIP = NO;
				DEBUG_INFORMATION_FORMAT = "dwarf-with-dsym";
				ENABLE_NS_ASSERTIONS = NO;
				ENABLE_STRICT_OBJC_MSGSEND = YES;
				GCC_C_LANGUAGE_STANDARD = gnu11;
				GCC_NO_COMMON_BLOCKS = YES;
				GCC_WARN_64_TO_32_BIT_CONVERSION = YES;
				GCC_WARN_ABOUT_RETURN_TYPE = YES_ERROR;
				GCC_WARN_UNDECLARED_SELECTOR = YES;
				GCC_WARN_UNINITIALIZED_AUTOS = YES_AGGRESSIVE;
				GCC_WARN_UNUSED_FUNCTION = YES;
				GCC_WARN_UNUSED_VARIABLE = YES;
				IPHONEOS_DEPLOYMENT_TARGET = 14.0;
				MTL_ENABLE_DEBUG_INFO = NO;
				MTL_FAST_MATH = YES;
				PRODUCT_NAME = "$(TARGET_NAME)";
				SDKROOT = iphoneos;
				SWIFT_COMPILATION_MODE = wholemodule;
				SWIFT_OPTIMIZATION_LEVEL = "-O";
				SWIFT_VERSION = 5.0;
			};
			name = Release;
		};
/* End XCBuildConfiguration section */

/* Begin XCConfigurationList section */
		47DA50FCBE4B57A4794D52E7 /* Build configuration list for PBXProject "GleanFeedSample" */ = {
			isa = XCConfigurationList;
			buildConfigurations = (
				64704883376179335B3FC2BC /* Debug */,
				E9731847A8E3F7C676953D2B /* Release */,
			);
			defaultConfigurationIsVisible = 0;
			defaultConfigurationName = Debug;
		};
		72A26273B39AF6DDB75CB09C /* Build configuration list for PBXNativeTarget "GleanFeedSample" */ = {
			isa = XCConfigurationList;
			buildConfigurations = (
				907A72BC1146EEF766C6DB8C /* Debug */,
				0F0DA07016E010B009DB2D14 /* Release */,
			);
			defaultConfigurationIsVisible = 0;
			defaultConfigurationName = Debug;
		};
/* End XCConfigurationList section */

/* Begin XCLocalSwiftPackageReference section */
		4FA247C55E94B8425ECE5ACC /* XCLocalSwiftPackageReference "..//" */ = {
			isa = XCLocalSwiftPackageReference;
			relativePath = "..//";
		};
/* End XCLocalSwiftPackageReference section */

/* Begin XCSwiftPackageProductDependency section */
		33C5EF1FEA5E247249C571B8 /* GleanFeed */ = {
			isa = XCSwiftPackageProductDependency;
			productName = GleanFeed;
		};
/* End XCSwiftPackageProductDependency section */
	};
	rootObject = 5A3CD86D29399322C12497B7 /* Project object */;
}
